{
  "lockfileVersion": 1,
  "configVersion": 1,
  "workspaces": {
    "": {
      "dependencies": {
        "lucide-static": "^0.561.0",
      },
      "devDependencies": {
        "@types/bun": "^1.3.4",
      },
    },
  },
  "packages": {
    "@types/bun": ["@types/bun@1.3.4", "", { "dependencies": { "bun-types": "1.3.4" } }, "sha512-EEPTKXHP+zKGPkhRLv+HI0UEX8/o+65hqARxLy8Ov5rIxMBPNTjeZww00CIihrIQGEQBYg+0roO5qOnS/7boGA=="],

    "@types/node": ["@types/node@25.0.1", "", { "dependencies": { "undici-types": "~7.16.0" } }, "sha512-czWPzKIAXucn9PtsttxmumiQ9N0ok9FrBwgRWrwmVLlp86BrMExzvXRLFYRJ+Ex3g6yqj+KuaxfX1JTgV2lpfg=="],

    "bun-types": ["bun-types@1.3.4", "", { "dependencies": { "@types/node": "*" } }, "sha512-5ua817+BZPZOlNaRgGBpZJOSAQ9RQ17pkwPD0yR7CfJg+r8DgIILByFifDTa+IPDDxzf5VNhtNlcKqFzDgJvlQ=="],

    "lucide-static": ["lucide-static@0.561.0", "", {}, "sha512-g8ZH7FmkASB/fxutFHXqsBdJnM9S9/p1Mei005CskWTws7+U+evwZUVWUyz8CSquJ8p4G/CBJ488Ip3ZlamxfQ=="],

    "undici-types": ["undici-types@7.16.0", "", {}, "sha512-Zz+aZWSj8LE6zoxD+xrjh4VfkIG8Ya6LvYkZqtUQGJPZjYl53ypCaUwWqo7eI0x66KBGeRo+mlBEkMSeSZ38Nw=="],
  }
}
